# Optional OTLP/HTTP export; install alongside core
googleapis-common-protos==1.75.4
opentelemetry-api==1.45.0
opentelemetry-exporter-http-transport==0.66b0
opentelemetry-exporter-otlp-common==0.66b0
opentelemetry-exporter-otlp-proto-common==1.45.0
opentelemetry-exporter-otlp-proto-http==1.45.0
opentelemetry-proto==1.45.0
opentelemetry-sdk==1.45.0
opentelemetry-semantic-conventions==0.66b0
protobuf==7.36.2
